
Microsoft Visual Studio Solution File, Format Version 12.00
# Visual Studio Version 17
VisualStudioVersion = 17.13.36105.23
MinimumVisualStudioVersion = 10.0.40219.1
Project("{FAE04EC0-301F-11D3-BF4B-00C04F79EFBC}") = "B2Bids.APIs", "B2Bids\B2Bids.APIs.csproj", "{B400DD33-26F0-4EEB-A13D-7BA967CA5F3A}"
EndProject
Project("{FAE04EC0-301F-11D3-BF4B-00C04F79EFBC}") = "Identity.Application", "B2Bids.Identity\Identity.Application.csproj", "{2DCB716E-DF16-47CB-9FC8-299252FF5466}"
EndProject
Project("{FAE04EC0-301F-11D3-BF4B-00C04F79EFBC}") = "Persistence", "Persistence\Persistence.csproj", "{79DBD1B1-04CD-43BD-987A-69D47EFB2766}"
EndProject
Project("{FAE04EC0-301F-11D3-BF4B-00C04F79EFBC}") = "Kernel", "Kernel\Kernel.csproj", "{446E2F39-EFC1-4477-A32A-4ECA287D8703}"
EndProject
Project("{2150E333-8FDC-42A3-9474-1A3956D46DE8}") = "Services", "Services", "{02EA681E-C7D8-13C7-8484-4AC65E1B71E8}"
EndProject
Project("{FAE04EC0-301F-11D3-BF4B-00C04F79EFBC}") = "Notification.Application", "Notification\Notification.Application.csproj", "{BA450367-D15D-4C01-8C66-07C14E30AFE1}"
EndProject
Project("{FAE04EC0-301F-11D3-BF4B-00C04F79EFBC}") = "Products.Application", "Products\Products.Application.csproj", "{F268D1AD-4DB5-4165-8CFB-5C691B69D261}"
EndProject
Project("{FAE04EC0-301F-11D3-BF4B-00C04F79EFBC}") = "Bid.Application", "Bid\Bid.Application.csproj", "{2BAE7D89-B965-427F-AD62-146FB68E9007}"
EndProject
Project("{2150E333-8FDC-42A3-9474-1A3956D46DE8}") = "Gateway", "Gateway", "{6A08AAD8-05F6-4F4A-AC89-0E618177FA04}"
EndProject
Project("{2150E333-8FDC-42A3-9474-1A3956D46DE8}") = "Shared", "Shared", "{26D2A818-0842-41DD-86D1-E87C5D5AE673}"
EndProject
Project("{FAE04EC0-301F-11D3-BF4B-00C04F79EFBC}") = "MediatorCoordinator", "MediatorCoordinator\MediatorCoordinator.csproj", "{DCD8504B-E4F9-4DAE-AF75-83E0FE1ACD75}"
EndProject
Project("{2150E333-8FDC-42A3-9474-1A3956D46DE8}") = "Identity", "Identity", "{616A59B0-7698-4F37-ABB0-300990F0826C}"
EndProject
Project("{FAE04EC0-301F-11D3-BF4B-00C04F79EFBC}") = "Identity.Domain", "Identity.Domain\Identity.Domain.csproj", "{BF86B714-1A91-459D-A3FB-32A8055539CB}"
EndProject
Project("{FAE04EC0-301F-11D3-BF4B-00C04F79EFBC}") = "Identity.Infrastructure", "Identity.Infrastructure\Identity.Infrastructure.csproj", "{54AB07FD-1D94-4867-BCB6-1149E5FA65FC}"
EndProject
Project("{2150E333-8FDC-42A3-9474-1A3956D46DE8}") = "Bid", "Bid", "{202247A7-8588-4398-9D9F-FADD3BBC78DF}"
EndProject
Project("{2150E333-8FDC-42A3-9474-1A3956D46DE8}") = "Notification", "Notification", "{ABE3B2AA-A9D2-458C-9BD2-59586CE06C83}"
EndProject
Project("{2150E333-8FDC-42A3-9474-1A3956D46DE8}") = "Products", "Products", "{3194EB54-5AD2-4019-89DB-6FF85E33F22A}"
EndProject
Project("{FAE04EC0-301F-11D3-BF4B-00C04F79EFBC}") = "Products.Domain", "Products.Domain\Products.Domain.csproj", "{7E0E1A6B-8ED4-4CB3-BFDA-6F8623D97852}"
EndProject
Project("{FAE04EC0-301F-11D3-BF4B-00C04F79EFBC}") = "Products.Infrastructure", "Products.Infrastructure\Products.Infrastructure.csproj", "{F1401AA1-F953-4DC7-829E-E7894A053A08}"
EndProject
Project("{FAE04EC0-301F-11D3-BF4B-00C04F79EFBC}") = "Bid.Domain", "Bid.Domain\Bid.Domain.csproj", "{920B060B-0565-46D5-9787-DEC9F408BB27}"
EndProject
Project("{FAE04EC0-301F-11D3-BF4B-00C04F79EFBC}") = "Bid.Infrastructure", "Bid.Infrastructure\Bid.Infrastructure.csproj", "{AA664071-A565-4F88-A85F-3A27384CEDB3}"
EndProject
Project("{2150E333-8FDC-42A3-9474-1A3956D46DE8}") = "Stores", "Stores", "{13545F96-3DAD-44F1-AF2E-9905A3330404}"
EndProject
Project("{FAE04EC0-301F-11D3-BF4B-00C04F79EFBC}") = "Stores.Application", "Stores.Application\Stores.Application.csproj", "{19C7E7DD-1937-4C53-95D3-A67995B4A174}"
EndProject
Project("{FAE04EC0-301F-11D3-BF4B-00C04F79EFBC}") = "Stores.Infrastructure", "Stores.Infrastructure\Stores.Infrastructure.csproj", "{74D5758F-7032-4A0B-8953-F60C62957499}"
EndProject
Project("{FAE04EC0-301F-11D3-BF4B-00C04F79EFBC}") = "Stores.Domain", "Stores.Domain\Stores.Domain.csproj", "{8EB78255-1B48-4538-B141-4BD95448882A}"
EndProject
Project("{2150E333-8FDC-42A3-9474-1A3956D46DE8}") = "Solution Items", "Solution Items", "{C2A72B19-10F1-45AB-9340-2033ED69E8C2}"
	ProjectSection(SolutionItems) = preProject
		.gitignore = .gitignore
	EndProjectSection
EndProject
Project("{FAE04EC0-301F-11D3-BF4B-00C04F79EFBC}") = "DatabaseConnections", "DatabaseConnections\DatabaseConnections.csproj", "{5C0A9DFA-AC70-4775-B773-9BDF4F1567EC}"
EndProject
Global
	GlobalSection(SolutionConfigurationPlatforms) = preSolution
		Debug|Any CPU = Debug|Any CPU
		Release|Any CPU = Release|Any CPU
	EndGlobalSection
	GlobalSection(ProjectConfigurationPlatforms) = postSolution
		{B400DD33-26F0-4EEB-A13D-7BA967CA5F3A}.Debug|Any CPU.ActiveCfg = Debug|Any CPU
		{B400DD33-26F0-4EEB-A13D-7BA967CA5F3A}.Debug|Any CPU.Build.0 = Debug|Any CPU
		{B400DD33-26F0-4EEB-A13D-7BA967CA5F3A}.Release|Any CPU.ActiveCfg = Release|Any CPU
		{B400DD33-26F0-4EEB-A13D-7BA967CA5F3A}.Release|Any CPU.Build.0 = Release|Any CPU
		{2DCB716E-DF16-47CB-9FC8-299252FF5466}.Debug|Any CPU.ActiveCfg = Debug|Any CPU
		{2DCB716E-DF16-47CB-9FC8-299252FF5466}.Debug|Any CPU.Build.0 = Debug|Any CPU
		{2DCB716E-DF16-47CB-9FC8-299252FF5466}.Release|Any CPU.ActiveCfg = Release|Any CPU
		{2DCB716E-DF16-47CB-9FC8-299252FF5466}.Release|Any CPU.Build.0 = Release|Any CPU
		{79DBD1B1-04CD-43BD-987A-69D47EFB2766}.Debug|Any CPU.ActiveCfg = Debug|Any CPU
		{79DBD1B1-04CD-43BD-987A-69D47EFB2766}.Debug|Any CPU.Build.0 = Debug|Any CPU
		{79DBD1B1-04CD-43BD-987A-69D47EFB2766}.Release|Any CPU.ActiveCfg = Release|Any CPU
		{79DBD1B1-04CD-43BD-987A-69D47EFB2766}.Release|Any CPU.Build.0 = Release|Any CPU
		{446E2F39-EFC1-4477-A32A-4ECA287D8703}.Debug|Any CPU.ActiveCfg = Debug|Any CPU
		{446E2F39-EFC1-4477-A32A-4ECA287D8703}.Debug|Any CPU.Build.0 = Debug|Any CPU
		{446E2F39-EFC1-4477-A32A-4ECA287D8703}.Release|Any CPU.ActiveCfg = Release|Any CPU
		{446E2F39-EFC1-4477-A32A-4ECA287D8703}.Release|Any CPU.Build.0 = Release|Any CPU
		{BA450367-D15D-4C01-8C66-07C14E30AFE1}.Debug|Any CPU.ActiveCfg = Debug|Any CPU
		{BA450367-D15D-4C01-8C66-07C14E30AFE1}.Debug|Any CPU.Build.0 = Debug|Any CPU
		{BA450367-D15D-4C01-8C66-07C14E30AFE1}.Release|Any CPU.ActiveCfg = Release|Any CPU
		{BA450367-D15D-4C01-8C66-07C14E30AFE1}.Release|Any CPU.Build.0 = Release|Any CPU
		{F268D1AD-4DB5-4165-8CFB-5C691B69D261}.Debug|Any CPU.ActiveCfg = Debug|Any CPU
		{F268D1AD-4DB5-4165-8CFB-5C691B69D261}.Debug|Any CPU.Build.0 = Debug|Any CPU
		{F268D1AD-4DB5-4165-8CFB-5C691B69D261}.Release|Any CPU.ActiveCfg = Release|Any CPU
		{F268D1AD-4DB5-4165-8CFB-5C691B69D261}.Release|Any CPU.Build.0 = Release|Any CPU
		{2BAE7D89-B965-427F-AD62-146FB68E9007}.Debug|Any CPU.ActiveCfg = Debug|Any CPU
		{2BAE7D89-B965-427F-AD62-146FB68E9007}.Debug|Any CPU.Build.0 = Debug|Any CPU
		{2BAE7D89-B965-427F-AD62-146FB68E9007}.Release|Any CPU.ActiveCfg = Release|Any CPU
		{2BAE7D89-B965-427F-AD62-146FB68E9007}.Release|Any CPU.Build.0 = Release|Any CPU
		{DCD8504B-E4F9-4DAE-AF75-83E0FE1ACD75}.Debug|Any CPU.ActiveCfg = Debug|Any CPU
		{DCD8504B-E4F9-4DAE-AF75-83E0FE1ACD75}.Debug|Any CPU.Build.0 = Debug|Any CPU
		{DCD8504B-E4F9-4DAE-AF75-83E0FE1ACD75}.Release|Any CPU.ActiveCfg = Release|Any CPU
		{DCD8504B-E4F9-4DAE-AF75-83E0FE1ACD75}.Release|Any CPU.Build.0 = Release|Any CPU
		{BF86B714-1A91-459D-A3FB-32A8055539CB}.Debug|Any CPU.ActiveCfg = Debug|Any CPU
		{BF86B714-1A91-459D-A3FB-32A8055539CB}.Debug|Any CPU.Build.0 = Debug|Any CPU
		{BF86B714-1A91-459D-A3FB-32A8055539CB}.Release|Any CPU.ActiveCfg = Release|Any CPU
		{BF86B714-1A91-459D-A3FB-32A8055539CB}.Release|Any CPU.Build.0 = Release|Any CPU
		{54AB07FD-1D94-4867-BCB6-1149E5FA65FC}.Debug|Any CPU.ActiveCfg = Debug|Any CPU
		{54AB07FD-1D94-4867-BCB6-1149E5FA65FC}.Debug|Any CPU.Build.0 = Debug|Any CPU
		{54AB07FD-1D94-4867-BCB6-1149E5FA65FC}.Release|Any CPU.ActiveCfg = Release|Any CPU
		{54AB07FD-1D94-4867-BCB6-1149E5FA65FC}.Release|Any CPU.Build.0 = Release|Any CPU
		{7E0E1A6B-8ED4-4CB3-BFDA-6F8623D97852}.Debug|Any CPU.ActiveCfg = Debug|Any CPU
		{7E0E1A6B-8ED4-4CB3-BFDA-6F8623D97852}.Debug|Any CPU.Build.0 = Debug|Any CPU
		{7E0E1A6B-8ED4-4CB3-BFDA-6F8623D97852}.Release|Any CPU.ActiveCfg = Release|Any CPU
		{7E0E1A6B-8ED4-4CB3-BFDA-6F8623D97852}.Release|Any CPU.Build.0 = Release|Any CPU
		{F1401AA1-F953-4DC7-829E-E7894A053A08}.Debug|Any CPU.ActiveCfg = Debug|Any CPU
		{F1401AA1-F953-4DC7-829E-E7894A053A08}.Debug|Any CPU.Build.0 = Debug|Any CPU
		{F1401AA1-F953-4DC7-829E-E7894A053A08}.Release|Any CPU.ActiveCfg = Release|Any CPU
		{F1401AA1-F953-4DC7-829E-E7894A053A08}.Release|Any CPU.Build.0 = Release|Any CPU
		{920B060B-0565-46D5-9787-DEC9F408BB27}.Debug|Any CPU.ActiveCfg = Debug|Any CPU
		{920B060B-0565-46D5-9787-DEC9F408BB27}.Debug|Any CPU.Build.0 = Debug|Any CPU
		{920B060B-0565-46D5-9787-DEC9F408BB27}.Release|Any CPU.ActiveCfg = Release|Any CPU
		{920B060B-0565-46D5-9787-DEC9F408BB27}.Release|Any CPU.Build.0 = Release|Any CPU
		{AA664071-A565-4F88-A85F-3A27384CEDB3}.Debug|Any CPU.ActiveCfg = Debug|Any CPU
		{AA664071-A565-4F88-A85F-3A27384CEDB3}.Debug|Any CPU.Build.0 = Debug|Any CPU
		{AA664071-A565-4F88-A85F-3A27384CEDB3}.Release|Any CPU.ActiveCfg = Release|Any CPU
		{AA664071-A565-4F88-A85F-3A27384CEDB3}.Release|Any CPU.Build.0 = Release|Any CPU
		{19C7E7DD-1937-4C53-95D3-A67995B4A174}.Debug|Any CPU.ActiveCfg = Debug|Any CPU
		{19C7E7DD-1937-4C53-95D3-A67995B4A174}.Debug|Any CPU.Build.0 = Debug|Any CPU
		{19C7E7DD-1937-4C53-95D3-A67995B4A174}.Release|Any CPU.ActiveCfg = Release|Any CPU
		{19C7E7DD-1937-4C53-95D3-A67995B4A174}.Release|Any CPU.Build.0 = Release|Any CPU
		{74D5758F-7032-4A0B-8953-F60C62957499}.Debug|Any CPU.ActiveCfg = Debug|Any CPU
		{74D5758F-7032-4A0B-8953-F60C62957499}.Debug|Any CPU.Build.0 = Debug|Any CPU
		{74D5758F-7032-4A0B-8953-F60C62957499}.Release|Any CPU.ActiveCfg = Release|Any CPU
		{74D5758F-7032-4A0B-8953-F60C62957499}.Release|Any CPU.Build.0 = Release|Any CPU
		{8EB78255-1B48-4538-B141-4BD95448882A}.Debug|Any CPU.ActiveCfg = Debug|Any CPU
		{8EB78255-1B48-4538-B141-4BD95448882A}.Debug|Any CPU.Build.0 = Debug|Any CPU
		{8EB78255-1B48-4538-B141-4BD95448882A}.Release|Any CPU.ActiveCfg = Release|Any CPU
		{8EB78255-1B48-4538-B141-4BD95448882A}.Release|Any CPU.Build.0 = Release|Any CPU
		{5C0A9DFA-AC70-4775-B773-9BDF4F1567EC}.Debug|Any CPU.ActiveCfg = Debug|Any CPU
		{5C0A9DFA-AC70-4775-B773-9BDF4F1567EC}.Debug|Any CPU.Build.0 = Debug|Any CPU
		{5C0A9DFA-AC70-4775-B773-9BDF4F1567EC}.Release|Any CPU.ActiveCfg = Release|Any CPU
		{5C0A9DFA-AC70-4775-B773-9BDF4F1567EC}.Release|Any CPU.Build.0 = Release|Any CPU
	EndGlobalSection
	GlobalSection(SolutionProperties) = preSolution
		HideSolutionNode = FALSE
	EndGlobalSection
	GlobalSection(NestedProjects) = preSolution
		{B400DD33-26F0-4EEB-A13D-7BA967CA5F3A} = {6A08AAD8-05F6-4F4A-AC89-0E618177FA04}
		{2DCB716E-DF16-47CB-9FC8-299252FF5466} = {616A59B0-7698-4F37-ABB0-300990F0826C}
		{79DBD1B1-04CD-43BD-987A-69D47EFB2766} = {26D2A818-0842-41DD-86D1-E87C5D5AE673}
		{446E2F39-EFC1-4477-A32A-4ECA287D8703} = {26D2A818-0842-41DD-86D1-E87C5D5AE673}
		{BA450367-D15D-4C01-8C66-07C14E30AFE1} = {ABE3B2AA-A9D2-458C-9BD2-59586CE06C83}
		{F268D1AD-4DB5-4165-8CFB-5C691B69D261} = {3194EB54-5AD2-4019-89DB-6FF85E33F22A}
		{2BAE7D89-B965-427F-AD62-146FB68E9007} = {202247A7-8588-4398-9D9F-FADD3BBC78DF}
		{DCD8504B-E4F9-4DAE-AF75-83E0FE1ACD75} = {26D2A818-0842-41DD-86D1-E87C5D5AE673}
		{616A59B0-7698-4F37-ABB0-300990F0826C} = {02EA681E-C7D8-13C7-8484-4AC65E1B71E8}
		{BF86B714-1A91-459D-A3FB-32A8055539CB} = {616A59B0-7698-4F37-ABB0-300990F0826C}
		{54AB07FD-1D94-4867-BCB6-1149E5FA65FC} = {616A59B0-7698-4F37-ABB0-300990F0826C}
		{202247A7-8588-4398-9D9F-FADD3BBC78DF} = {02EA681E-C7D8-13C7-8484-4AC65E1B71E8}
		{ABE3B2AA-A9D2-458C-9BD2-59586CE06C83} = {02EA681E-C7D8-13C7-8484-4AC65E1B71E8}
		{3194EB54-5AD2-4019-89DB-6FF85E33F22A} = {02EA681E-C7D8-13C7-8484-4AC65E1B71E8}
		{7E0E1A6B-8ED4-4CB3-BFDA-6F8623D97852} = {3194EB54-5AD2-4019-89DB-6FF85E33F22A}
		{F1401AA1-F953-4DC7-829E-E7894A053A08} = {3194EB54-5AD2-4019-89DB-6FF85E33F22A}
		{920B060B-0565-46D5-9787-DEC9F408BB27} = {202247A7-8588-4398-9D9F-FADD3BBC78DF}
		{AA664071-A565-4F88-A85F-3A27384CEDB3} = {202247A7-8588-4398-9D9F-FADD3BBC78DF}
		{13545F96-3DAD-44F1-AF2E-9905A3330404} = {02EA681E-C7D8-13C7-8484-4AC65E1B71E8}
		{19C7E7DD-1937-4C53-95D3-A67995B4A174} = {13545F96-3DAD-44F1-AF2E-9905A3330404}
		{74D5758F-7032-4A0B-8953-F60C62957499} = {13545F96-3DAD-44F1-AF2E-9905A3330404}
		{8EB78255-1B48-4538-B141-4BD95448882A} = {13545F96-3DAD-44F1-AF2E-9905A3330404}
		{5C0A9DFA-AC70-4775-B773-9BDF4F1567EC} = {26D2A818-0842-41DD-86D1-E87C5D5AE673}
	EndGlobalSection
	GlobalSection(ExtensibilityGlobals) = postSolution
		SolutionGuid = {5162A870-517D-413D-9EE2-96CC397AB1F0}
	EndGlobalSection
EndGlobal
